
Microsoft Visual Studio Solution File, Format Version 12.00
# Visual Studio Version 16
VisualStudioVersion = 16.0.31624.102
MinimumVisualStudioVersion = 10.0.40219.1
Project("{FAE04EC0-301F-11D3-BF4B-00C04F79EFBC}") = "WpfApp4", "WpfApp4\WpfApp4.csproj", "{0F88F769-C844-4A57-8B2B-053BA0537F0B}"
EndProject
Global
	GlobalSection(SolutionConfigurationPlatforms) = preSolution
		Debug|Any CPU = Debug|Any CPU
		Release|Any CPU = Release|Any CPU
	EndGlobalSection
	GlobalSection(ProjectConfigurationPlatforms) = postSolution
		{0F88F769-C844-4A57-8B2B-053BA0537F0B}.Debug|Any CPU.ActiveCfg = Debug|Any CPU
		{0F88F769-C844-4A57-8B2B-053BA0537F0B}.Debug|Any CPU.Build.0 = Debug|Any CPU
		{0F88F769-C844-4A57-8B2B-053BA0537F0B}.Release|Any CPU.ActiveCfg = Release|Any CPU
		{0F88F769-C844-4A57-8B2B-053BA0537F0B}.Release|Any CPU.Build.0 = Release|Any CPU
	EndGlobalSection
	GlobalSection(SolutionProperties) = preSolution
		HideSolutionNode = FALSE
	EndGlobalSection
	GlobalSection(ExtensibilityGlobals) = postSolution
		SolutionGuid = {D8328E45-382E-425C-B62F-773175F5C8A6}
	EndGlobalSection
EndGlobal
